
Microsoft Visual Studio Solution File, Format Version 12.00
# Visual Studio Version 17
VisualStudioVersion = 17.3.32811.315
MinimumVisualStudioVersion = 10.0.40219.1
Project("{FAE04EC0-301F-11D3-BF4B-00C04F79EFBC}") = "UndoableCommands", "UndoableCommands\UndoableCommands.csproj", "{283A5B21-01CE-470E-8794-1D5D3C89CC5A}"
EndProject
Project("{FAE04EC0-301F-11D3-BF4B-00C04F79EFBC}") = "UndoableCommandsTests", "UndoableCommandsTests\UndoableCommandsTests.csproj", "{6D662B91-2514-480F-9A5E-93786B5B79FB}"
EndProject
Global
	GlobalSection(SolutionConfigurationPlatforms) = preSolution
		Debug|Any CPU = Debug|Any CPU
		Release|Any CPU = Release|Any CPU
	EndGlobalSection
	GlobalSection(ProjectConfigurationPlatforms) = postSolution
		{283A5B21-01CE-470E-8794-1D5D3C89CC5A}.Debug|Any CPU.ActiveCfg = Debug|Any CPU
		{283A5B21-01CE-470E-8794-1D5D3C89CC5A}.Debug|Any CPU.Build.0 = Debug|Any CPU
		{283A5B21-01CE-470E-8794-1D5D3C89CC5A}.Release|Any CPU.ActiveCfg = Release|Any CPU
		{283A5B21-01CE-470E-8794-1D5D3C89CC5A}.Release|Any CPU.Build.0 = Release|Any CPU
		{6D662B91-2514-480F-9A5E-93786B5B79FB}.Debug|Any CPU.ActiveCfg = Debug|Any CPU
		{6D662B91-2514-480F-9A5E-93786B5B79FB}.Debug|Any CPU.Build.0 = Debug|Any CPU
		{6D662B91-2514-480F-9A5E-93786B5B79FB}.Release|Any CPU.ActiveCfg = Release|Any CPU
		{6D662B91-2514-480F-9A5E-93786B5B79FB}.Release|Any CPU.Build.0 = Release|Any CPU
	EndGlobalSection
	GlobalSection(SolutionProperties) = preSolution
		HideSolutionNode = FALSE
	EndGlobalSection
	GlobalSection(ExtensibilityGlobals) = postSolution
		SolutionGuid = {A3BAB69E-F252-440E-A28D-A231EB0501AC}
	EndGlobalSection
EndGlobal
